<Solution>
  <Project Path="Onyx.Api/Onyx.Service.Api.Tests/Onyx.Service.Api.Tests.csproj" />
  <Project Path="Onyx.Api/Onyx.Service.Api/Onyx.Service.Api.csproj" />
  <Project Path="Onyx.Application/Onyx.Service.Application.Tests/Onyx.Service.Application.Tests/Onyx.Service.Application.Tests.csproj" Id="ab59efaf-6ea1-4e22-9652-7e452690ee81" />
  <Project Path="Onyx.Application/Onyx.Service.Application/Onyx.Service.Application.csproj" />
  <Project Path="Onyx.Domain/Onyx.Service.Domain/Onyx.Service.Domain.csproj" />
  <Project Path="Onyx.Infrastructure/Onyx.Service.Infrastructure.Tests/Onyx.Service.Infrastructure.Tests.csproj" Id="78ec35bd-9ca0-42fa-8087-f85054164fac" />
  <Project Path="Onyx.Infrastructure/Onyx.Service.Infrastructure/Onyx.Service.Infrastructure.csproj" />
</Solution>
